
Microsoft Visual Studio Solution File, Format Version 11.00
# Visual Studio 2010
Project("{F184B08F-C81C-45F6-A57F-5ABD9991F28F}") = "MOAN-ES_SAP_Ribbon_Add-In", "MOAN-ES_SAP_Ribbon_Add-In\MOAN-ES_SAP_Ribbon_Add-In.vbproj", "{42A27D89-EF92-4D7F-92F3-D0DC0A128804}"
EndProject
Global
	GlobalSection(SolutionConfigurationPlatforms) = preSolution
		Debug|Any CPU = Debug|Any CPU
		Release|Any CPU = Release|Any CPU
	EndGlobalSection
	GlobalSection(ProjectConfigurationPlatforms) = postSolution
		{42A27D89-EF92-4D7F-92F3-D0DC0A128804}.Debug|Any CPU.ActiveCfg = Debug|Any CPU
		{42A27D89-EF92-4D7F-92F3-D0DC0A128804}.Debug|Any CPU.Build.0 = Debug|Any CPU
		{42A27D89-EF92-4D7F-92F3-D0DC0A128804}.Release|Any CPU.ActiveCfg = Release|Any CPU
		{42A27D89-EF92-4D7F-92F3-D0DC0A128804}.Release|Any CPU.Build.0 = Release|Any CPU
	EndGlobalSection
	GlobalSection(SolutionProperties) = preSolution
		HideSolutionNode = FALSE
	EndGlobalSection
EndGlobal
